
Microsoft Visual Studio Solution File, Format Version 12.00
# Visual Studio 14
VisualStudioVersion = 14.0.25420.1
MinimumVisualStudioVersion = 10.0.40219.1
Project("{FAE04EC0-301F-11D3-BF4B-00C04F79EFBC}") = "Bug41131.Droid", "Bug41131\Bug41131.Droid\Bug41131.Droid.csproj", "{23DC31D5-AED4-49FD-8C73-0E0C1C4F2C74}"
EndProject
Project("{FAE04EC0-301F-11D3-BF4B-00C04F79EFBC}") = "Bug41131.iOS", "Bug41131\Bug41131.iOS\Bug41131.iOS.csproj", "{E4A1405F-111A-467B-9F57-6F6AE6C29F1D}"
EndProject
Project("{D954291E-2A0B-460D-934E-DC6B0785DB48}") = "Bug41131", "Bug41131\Bug41131\Bug41131.shproj", "{FC645CAC-0FE9-4227-9E88-171CB6200525}"
EndProject
Global
	GlobalSection(SharedMSBuildProjectFiles) = preSolution
		Bug41131\Bug41131\Bug41131.projitems*{23dc31d5-aed4-49fd-8c73-0e0c1c4f2c74}*SharedItemsImports = 4
		Bug41131\Bug41131\Bug41131.projitems*{e4a1405f-111a-467b-9f57-6f6ae6c29f1d}*SharedItemsImports = 4
		Bug41131\Bug41131\Bug41131.projitems*{fc645cac-0fe9-4227-9e88-171cb6200525}*SharedItemsImports = 13
	EndGlobalSection
	GlobalSection(SolutionConfigurationPlatforms) = preSolution
		Ad-Hoc|Any CPU = Ad-Hoc|Any CPU
		Ad-Hoc|ARM = Ad-Hoc|ARM
		Ad-Hoc|iPhone = Ad-Hoc|iPhone
		Ad-Hoc|iPhoneSimulator = Ad-Hoc|iPhoneSimulator
		Ad-Hoc|x64 = Ad-Hoc|x64
		Ad-Hoc|x86 = Ad-Hoc|x86
		AppStore|Any CPU = AppStore|Any CPU
		AppStore|ARM = AppStore|ARM
		AppStore|iPhone = AppStore|iPhone
		AppStore|iPhoneSimulator = AppStore|iPhoneSimulator
		AppStore|x64 = AppStore|x64
		AppStore|x86 = AppStore|x86
		Debug|Any CPU = Debug|Any CPU
		Debug|ARM = Debug|ARM
		Debug|iPhone = Debug|iPhone
		Debug|iPhoneSimulator = Debug|iPhoneSimulator
		Debug|x64 = Debug|x64
		Debug|x86 = Debug|x86
		Release|Any CPU = Release|Any CPU
		Release|ARM = Release|ARM
		Release|iPhone = Release|iPhone
		Release|iPhoneSimulator = Release|iPhoneSimulator
		Release|x64 = Release|x64
		Release|x86 = Release|x86
	EndGlobalSection
	GlobalSection(ProjectConfigurationPlatforms) = postSolution
		{23DC31D5-AED4-49FD-8C73-0E0C1C4F2C74}.Ad-Hoc|Any CPU.ActiveCfg = Release|Any CPU
		{23DC31D5-AED4-49FD-8C73-0E0C1C4F2C74}.Ad-Hoc|Any CPU.Build.0 = Release|Any CPU
		{23DC31D5-AED4-49FD-8C73-0E0C1C4F2C74}.Ad-Hoc|Any CPU.Deploy.0 = Release|Any CPU
		{23DC31D5-AED4-49FD-8C73-0E0C1C4F2C74}.Ad-Hoc|ARM.ActiveCfg = Release|Any CPU
		{23DC31D5-AED4-49FD-8C73-0E0C1C4F2C74}.Ad-Hoc|ARM.Build.0 = Release|Any CPU
		{23DC31D5-AED4-49FD-8C73-0E0C1C4F2C74}.Ad-Hoc|ARM.Deploy.0 = Release|Any CPU
		{23DC31D5-AED4-49FD-8C73-0E0C1C4F2C74}.Ad-Hoc|iPhone.ActiveCfg = Release|Any CPU
		{23DC31D5-AED4-49FD-8C73-0E0C1C4F2C74}.Ad-Hoc|iPhone.Build.0 = Release|Any CPU
		{23DC31D5-AED4-49FD-8C73-0E0C1C4F2C74}.Ad-Hoc|iPhone.Deploy.0 = Release|Any CPU
		{23DC31D5-AED4-49FD-8C73-0E0C1C4F2C74}.Ad-Hoc|iPhoneSimulator.ActiveCfg = Release|Any CPU
		{23DC31D5-AED4-49FD-8C73-0E0C1C4F2C74}.Ad-Hoc|iPhoneSimulator.Build.0 = Release|Any CPU
		{23DC31D5-AED4-49FD-8C73-0E0C1C4F2C74}.Ad-Hoc|iPhoneSimulator.Deploy.0 = Release|Any CPU
		{23DC31D5-AED4-49FD-8C73-0E0C1C4F2C74}.Ad-Hoc|x64.ActiveCfg = Release|Any CPU
		{23DC31D5-AED4-49FD-8C73-0E0C1C4F2C74}.Ad-Hoc|x64.Build.0 = Release|Any CPU
		{23DC31D5-AED4-49FD-8C73-0E0C1C4F2C74}.Ad-Hoc|x64.Deploy.0 = Release|Any CPU
		{23DC31D5-AED4-49FD-8C73-0E0C1C4F2C74}.Ad-Hoc|x86.ActiveCfg = Release|Any CPU
		{23DC31D5-AED4-49FD-8C73-0E0C1C4F2C74}.Ad-Hoc|x86.Build.0 = Release|Any CPU
		{23DC31D5-AED4-49FD-8C73-0E0C1C4F2C74}.Ad-Hoc|x86.Deploy.0 = Release|Any CPU
		{23DC31D5-AED4-49FD-8C73-0E0C1C4F2C74}.AppStore|Any CPU.ActiveCfg = Release|Any CPU
		{23DC31D5-AED4-49FD-8C73-0E0C1C4F2C74}.AppStore|Any CPU.Build.0 = Release|Any CPU
		{23DC31D5-AED4-49FD-8C73-0E0C1C4F2C74}.AppStore|Any CPU.Deploy.0 = Release|Any CPU
		{23DC31D5-AED4-49FD-8C73-0E0C1C4F2C74}.AppStore|ARM.ActiveCfg = Release|Any CPU
		{23DC31D5-AED4-49FD-8C73-0E0C1C4F2C74}.AppStore|ARM.Build.0 = Release|Any CPU
		{23DC31D5-AED4-49FD-8C73-0E0C1C4F2C74}.AppStore|ARM.Deploy.0 = Release|Any CPU
		{23DC31D5-AED4-49FD-8C73-0E0C1C4F2C74}.AppStore|iPhone.ActiveCfg = Release|Any CPU
		{23DC31D5-AED4-49FD-8C73-0E0C1C4F2C74}.AppStore|iPhone.Build.0 = Release|Any CPU
		{23DC31D5-AED4-49FD-8C73-0E0C1C4F2C74}.AppStore|iPhone.Deploy.0 = Release|Any CPU
		{23DC31D5-AED4-49FD-8C73-0E0C1C4F2C74}.AppStore|iPhoneSimulator.ActiveCfg = Release|Any CPU
		{23DC31D5-AED4-49FD-8C73-0E0C1C4F2C74}.AppStore|iPhoneSimulator.Build.0 = Release|Any CPU
		{23DC31D5-AED4-49FD-8C73-0E0C1C4F2C74}.AppStore|iPhoneSimulator.Deploy.0 = Release|Any CPU
		{23DC31D5-AED4-49FD-8C73-0E0C1C4F2C74}.AppStore|x64.ActiveCfg = Release|Any CPU
		{23DC31D5-AED4-49FD-8C73-0E0C1C4F2C74}.AppStore|x64.Build.0 = Release|Any CPU
		{23DC31D5-AED4-49FD-8C73-0E0C1C4F2C74}.AppStore|x64.Deploy.0 = Release|Any CPU
		{23DC31D5-AED4-49FD-8C73-0E0C1C4F2C74}.AppStore|x86.ActiveCfg = Release|Any CPU
		{23DC31D5-AED4-49FD-8C73-0E0C1C4F2C74}.AppStore|x86.Build.0 = Release|Any CPU
		{23DC31D5-AED4-49FD-8C73-0E0C1C4F2C74}.AppStore|x86.Deploy.0 = Release|Any CPU
		{23DC31D5-AED4-49FD-8C73-0E0C1C4F2C74}.Debug|Any CPU.ActiveCfg = Debug|Any CPU
		{23DC31D5-AED4-49FD-8C73-0E0C1C4F2C74}.Debug|Any CPU.Build.0 = Debug|Any CPU
		{23DC31D5-AED4-49FD-8C73-0E0C1C4F2C74}.Debug|Any CPU.Deploy.0 = Debug|Any CPU
		{23DC31D5-AED4-49FD-8C73-0E0C1C4F2C74}.Debug|ARM.ActiveCfg = Debug|Any CPU
		{23DC31D5-AED4-49FD-8C73-0E0C1C4F2C74}.Debug|ARM.Build.0 = Debug|Any CPU
		{23DC31D5-AED4-49FD-8C73-0E0C1C4F2C74}.Debug|ARM.Deploy.0 = Debug|Any CPU
		{23DC31D5-AED4-49FD-8C73-0E0C1C4F2C74}.Debug|iPhone.ActiveCfg = Debug|Any CPU
		{23DC31D5-AED4-49FD-8C73-0E0C1C4F2C74}.Debug|iPhone.Build.0 = Debug|Any CPU
		{23DC31D5-AED4-49FD-8C73-0E0C1C4F2C74}.Debug|iPhone.Deploy.0 = Debug|Any CPU
		{23DC31D5-AED4-49FD-8C73-0E0C1C4F2C74}.Debug|iPhoneSimulator.ActiveCfg = Debug|Any CPU
		{23DC31D5-AED4-49FD-8C73-0E0C1C4F2C74}.Debug|iPhoneSimulator.Build.0 = Debug|Any CPU
		{23DC31D5-AED4-49FD-8C73-0E0C1C4F2C74}.Debug|iPhoneSimulator.Deploy.0 = Debug|Any CPU
		{23DC31D5-AED4-49FD-8C73-0E0C1C4F2C74}.Debug|x64.ActiveCfg = Debug|Any CPU
		{23DC31D5-AED4-49FD-8C73-0E0C1C4F2C74}.Debug|x64.Build.0 = Debug|Any CPU
		{23DC31D5-AED4-49FD-8C73-0E0C1C4F2C74}.Debug|x64.Deploy.0 = Debug|Any CPU
		{23DC31D5-AED4-49FD-8C73-0E0C1C4F2C74}.Debug|x86.ActiveCfg = Debug|Any CPU
		{23DC31D5-AED4-49FD-8C73-0E0C1C4F2C74}.Debug|x86.Build.0 = Debug|Any CPU
		{23DC31D5-AED4-49FD-8C73-0E0C1C4F2C74}.Debug|x86.Deploy.0 = Debug|Any CPU
		{23DC31D5-AED4-49FD-8C73-0E0C1C4F2C74}.Release|Any CPU.ActiveCfg = Release|Any CPU
		{23DC31D5-AED4-49FD-8C73-0E0C1C4F2C74}.Release|Any CPU.Build.0 = Release|Any CPU
		{23DC31D5-AED4-49FD-8C73-0E0C1C4F2C74}.Release|Any CPU.Deploy.0 = Release|Any CPU
		{23DC31D5-AED4-49FD-8C73-0E0C1C4F2C74}.Release|ARM.ActiveCfg = Release|Any CPU
		{23DC31D5-AED4-49FD-8C73-0E0C1C4F2C74}.Release|ARM.Build.0 = Release|Any CPU
		{23DC31D5-AED4-49FD-8C73-0E0C1C4F2C74}.Release|ARM.Deploy.0 = Release|Any CPU
		{23DC31D5-AED4-49FD-8C73-0E0C1C4F2C74}.Release|iPhone.ActiveCfg = Release|Any CPU
		{23DC31D5-AED4-49FD-8C73-0E0C1C4F2C74}.Release|iPhone.Build.0 = Release|Any CPU
		{23DC31D5-AED4-49FD-8C73-0E0C1C4F2C74}.Release|iPhone.Deploy.0 = Release|Any CPU
		{23DC31D5-AED4-49FD-8C73-0E0C1C4F2C74}.Release|iPhoneSimulator.ActiveCfg = Release|Any CPU
		{23DC31D5-AED4-49FD-8C73-0E0C1C4F2C74}.Release|iPhoneSimulator.Build.0 = Release|Any CPU
		{23DC31D5-AED4-49FD-8C73-0E0C1C4F2C74}.Release|iPhoneSimulator.Deploy.0 = Release|Any CPU
		{23DC31D5-AED4-49FD-8C73-0E0C1C4F2C74}.Release|x64.ActiveCfg = Release|Any CPU
		{23DC31D5-AED4-49FD-8C73-0E0C1C4F2C74}.Release|x64.Build.0 = Release|Any CPU
		{23DC31D5-AED4-49FD-8C73-0E0C1C4F2C74}.Release|x64.Deploy.0 = Release|Any CPU
		{23DC31D5-AED4-49FD-8C73-0E0C1C4F2C74}.Release|x86.ActiveCfg = Release|Any CPU
		{23DC31D5-AED4-49FD-8C73-0E0C1C4F2C74}.Release|x86.Build.0 = Release|Any CPU
		{23DC31D5-AED4-49FD-8C73-0E0C1C4F2C74}.Release|x86.Deploy.0 = Release|Any CPU
		{E4A1405F-111A-467B-9F57-6F6AE6C29F1D}.Ad-Hoc|Any CPU.ActiveCfg = Ad-Hoc|iPhone
		{E4A1405F-111A-467B-9F57-6F6AE6C29F1D}.Ad-Hoc|ARM.ActiveCfg = Ad-Hoc|iPhone
		{E4A1405F-111A-467B-9F57-6F6AE6C29F1D}.Ad-Hoc|iPhone.ActiveCfg = Ad-Hoc|iPhone
		{E4A1405F-111A-467B-9F57-6F6AE6C29F1D}.Ad-Hoc|iPhone.Build.0 = Ad-Hoc|iPhone
		{E4A1405F-111A-467B-9F57-6F6AE6C29F1D}.Ad-Hoc|iPhoneSimulator.ActiveCfg = Ad-Hoc|iPhoneSimulator
		{E4A1405F-111A-467B-9F57-6F6AE6C29F1D}.Ad-Hoc|iPhoneSimulator.Build.0 = Ad-Hoc|iPhoneSimulator
		{E4A1405F-111A-467B-9F57-6F6AE6C29F1D}.Ad-Hoc|x64.ActiveCfg = Ad-Hoc|iPhone
		{E4A1405F-111A-467B-9F57-6F6AE6C29F1D}.Ad-Hoc|x86.ActiveCfg = Ad-Hoc|iPhone
		{E4A1405F-111A-467B-9F57-6F6AE6C29F1D}.AppStore|Any CPU.ActiveCfg = AppStore|iPhone
		{E4A1405F-111A-467B-9F57-6F6AE6C29F1D}.AppStore|ARM.ActiveCfg = AppStore|iPhone
		{E4A1405F-111A-467B-9F57-6F6AE6C29F1D}.AppStore|iPhone.ActiveCfg = AppStore|iPhone
		{E4A1405F-111A-467B-9F57-6F6AE6C29F1D}.AppStore|iPhone.Build.0 = AppStore|iPhone
		{E4A1405F-111A-467B-9F57-6F6AE6C29F1D}.AppStore|iPhoneSimulator.ActiveCfg = AppStore|iPhoneSimulator
		{E4A1405F-111A-467B-9F57-6F6AE6C29F1D}.AppStore|iPhoneSimulator.Build.0 = AppStore|iPhoneSimulator
		{E4A1405F-111A-467B-9F57-6F6AE6C29F1D}.AppStore|x64.ActiveCfg = AppStore|iPhone
		{E4A1405F-111A-467B-9F57-6F6AE6C29F1D}.AppStore|x86.ActiveCfg = AppStore|iPhone
		{E4A1405F-111A-467B-9F57-6F6AE6C29F1D}.Debug|Any CPU.ActiveCfg = Debug|iPhone
		{E4A1405F-111A-467B-9F57-6F6AE6C29F1D}.Debug|ARM.ActiveCfg = Debug|iPhone
		{E4A1405F-111A-467B-9F57-6F6AE6C29F1D}.Debug|iPhone.ActiveCfg = Debug|iPhone
		{E4A1405F-111A-467B-9F57-6F6AE6C29F1D}.Debug|iPhone.Build.0 = Debug|iPhone
		{E4A1405F-111A-467B-9F57-6F6AE6C29F1D}.Debug|iPhoneSimulator.ActiveCfg = Debug|iPhoneSimulator
		{E4A1405F-111A-467B-9F57-6F6AE6C29F1D}.Debug|iPhoneSimulator.Build.0 = Debug|iPhoneSimulator
		{E4A1405F-111A-467B-9F57-6F6AE6C29F1D}.Debug|x64.ActiveCfg = Debug|iPhone
		{E4A1405F-111A-467B-9F57-6F6AE6C29F1D}.Debug|x86.ActiveCfg = Debug|iPhone
		{E4A1405F-111A-467B-9F57-6F6AE6C29F1D}.Release|Any CPU.ActiveCfg = Release|iPhone
		{E4A1405F-111A-467B-9F57-6F6AE6C29F1D}.Release|ARM.ActiveCfg = Release|iPhone
		{E4A1405F-111A-467B-9F57-6F6AE6C29F1D}.Release|iPhone.ActiveCfg = Release|iPhone
		{E4A1405F-111A-467B-9F57-6F6AE6C29F1D}.Release|iPhone.Build.0 = Release|iPhone
		{E4A1405F-111A-467B-9F57-6F6AE6C29F1D}.Release|iPhoneSimulator.ActiveCfg = Release|iPhoneSimulator
		{E4A1405F-111A-467B-9F57-6F6AE6C29F1D}.Release|iPhoneSimulator.Build.0 = Release|iPhoneSimulator
		{E4A1405F-111A-467B-9F57-6F6AE6C29F1D}.Release|x64.ActiveCfg = Release|iPhone
		{E4A1405F-111A-467B-9F57-6F6AE6C29F1D}.Release|x86.ActiveCfg = Release|iPhone
	EndGlobalSection
	GlobalSection(SolutionProperties) = preSolution
		HideSolutionNode = FALSE
	EndGlobalSection
EndGlobal
